
Microsoft Visual Studio Solution File, Format Version 12.00
# Visual Studio 2013
VisualStudioVersion = 12.0.31101.0
MinimumVisualStudioVersion = 10.0.40219.1
Project("{FAE04EC0-301F-11D3-BF4B-00C04F79EFBC}") = "ModernPOS.WebAPI", "ModernPOS.WebAPI\ModernPOS.WebAPI.csproj", "{7179BC9C-2372-4D5D-9B2D-B72753441F59}"
EndProject
Project("{FAE04EC0-301F-11D3-BF4B-00C04F79EFBC}") = "ModernPOS.Data.Access", "ModernPOS.Data.Access\ModernPOS.Data.Access.csproj", "{B89BAA67-F881-402D-A5C7-907AFD4E3B3F}"
EndProject
Project("{FAE04EC0-301F-11D3-BF4B-00C04F79EFBC}") = "ModernPOS.Core", "ModernPOS.Core\ModernPOS.Core.csproj", "{51E58222-FAB9-4F85-AF9C-2A8CA9EFD1FF}"
EndProject
Project("{FAE04EC0-301F-11D3-BF4B-00C04F79EFBC}") = "ModernPOS.Presentation", "ModernPOS.Presentation\ModernPOS.Presentation.csproj", "{FC3A623C-5188-435D-ABF4-112A858B93B9}"
EndProject
Project("{FAE04EC0-301F-11D3-BF4B-00C04F79EFBC}") = "ModernPOS.Presentation.Tests", "ModernPOS.Presentation.Tests\ModernPOS.Presentation.Tests.csproj", "{8E86C359-4CA7-4894-B2EC-8C259132DCD6}"
EndProject
Project("{2150E333-8FDC-42A3-9474-1A3956D46DE8}") = "Infrastructure", "Infrastructure", "{D13CF843-B88C-483F-9F21-28E15760B594}"
EndProject
Project("{2150E333-8FDC-42A3-9474-1A3956D46DE8}") = "Client", "Client", "{0B56EFDD-2993-48CB-ABEE-BBE754B27617}"
EndProject
Project("{2150E333-8FDC-42A3-9474-1A3956D46DE8}") = "Core", "Core", "{B97AB7D6-44EC-4143-B9D4-25E9D3B2FB29}"
EndProject
Project("{FAE04EC0-301F-11D3-BF4B-00C04F79EFBC}") = "ModernPOS.Infrastructure.Common", "ModernPOS.Infrastructure.Common\ModernPOS.Infrastructure.Common.csproj", "{60EB6AA6-C820-44A7-BD13-7435F2556B60}"
EndProject
Project("{2150E333-8FDC-42A3-9474-1A3956D46DE8}") = "Business", "Business", "{612AA87C-B9B3-4551-A4C4-8C400F103EF5}"
EndProject
Project("{FAE04EC0-301F-11D3-BF4B-00C04F79EFBC}") = "ModernPOS.Business.Entities", "ModernPOS.Business.Entities\ModernPOS.Business.Entities.csproj", "{D8D7CB72-D57E-4CD2-8B07-2112E26C9023}"
EndProject
Project("{FAE04EC0-301F-11D3-BF4B-00C04F79EFBC}") = "ModernPOS.Business.Services", "ModernPOS.Business.Services\ModernPOS.Business.Services.csproj", "{BA2EE31E-1F55-497E-95DC-526E68FB6E42}"
EndProject
Global
	GlobalSection(SolutionConfigurationPlatforms) = preSolution
		Debug|Any CPU = Debug|Any CPU
		Release|Any CPU = Release|Any CPU
	EndGlobalSection
	GlobalSection(ProjectConfigurationPlatforms) = postSolution
		{7179BC9C-2372-4D5D-9B2D-B72753441F59}.Debug|Any CPU.ActiveCfg = Debug|Any CPU
		{7179BC9C-2372-4D5D-9B2D-B72753441F59}.Debug|Any CPU.Build.0 = Debug|Any CPU
		{7179BC9C-2372-4D5D-9B2D-B72753441F59}.Release|Any CPU.ActiveCfg = Release|Any CPU
		{7179BC9C-2372-4D5D-9B2D-B72753441F59}.Release|Any CPU.Build.0 = Release|Any CPU
		{B89BAA67-F881-402D-A5C7-907AFD4E3B3F}.Debug|Any CPU.ActiveCfg = Debug|Any CPU
		{B89BAA67-F881-402D-A5C7-907AFD4E3B3F}.Debug|Any CPU.Build.0 = Debug|Any CPU
		{B89BAA67-F881-402D-A5C7-907AFD4E3B3F}.Release|Any CPU.ActiveCfg = Release|Any CPU
		{B89BAA67-F881-402D-A5C7-907AFD4E3B3F}.Release|Any CPU.Build.0 = Release|Any CPU
		{51E58222-FAB9-4F85-AF9C-2A8CA9EFD1FF}.Debug|Any CPU.ActiveCfg = Debug|Any CPU
		{51E58222-FAB9-4F85-AF9C-2A8CA9EFD1FF}.Debug|Any CPU.Build.0 = Debug|Any CPU
		{51E58222-FAB9-4F85-AF9C-2A8CA9EFD1FF}.Release|Any CPU.ActiveCfg = Release|Any CPU
		{51E58222-FAB9-4F85-AF9C-2A8CA9EFD1FF}.Release|Any CPU.Build.0 = Release|Any CPU
		{FC3A623C-5188-435D-ABF4-112A858B93B9}.Debug|Any CPU.ActiveCfg = Debug|Any CPU
		{FC3A623C-5188-435D-ABF4-112A858B93B9}.Debug|Any CPU.Build.0 = Debug|Any CPU
		{FC3A623C-5188-435D-ABF4-112A858B93B9}.Release|Any CPU.ActiveCfg = Release|Any CPU
		{FC3A623C-5188-435D-ABF4-112A858B93B9}.Release|Any CPU.Build.0 = Release|Any CPU
		{8E86C359-4CA7-4894-B2EC-8C259132DCD6}.Debug|Any CPU.ActiveCfg = Debug|Any CPU
		{8E86C359-4CA7-4894-B2EC-8C259132DCD6}.Debug|Any CPU.Build.0 = Debug|Any CPU
		{8E86C359-4CA7-4894-B2EC-8C259132DCD6}.Release|Any CPU.ActiveCfg = Release|Any CPU
		{8E86C359-4CA7-4894-B2EC-8C259132DCD6}.Release|Any CPU.Build.0 = Release|Any CPU
		{60EB6AA6-C820-44A7-BD13-7435F2556B60}.Debug|Any CPU.ActiveCfg = Debug|Any CPU
		{60EB6AA6-C820-44A7-BD13-7435F2556B60}.Debug|Any CPU.Build.0 = Debug|Any CPU
		{60EB6AA6-C820-44A7-BD13-7435F2556B60}.Release|Any CPU.ActiveCfg = Release|Any CPU
		{60EB6AA6-C820-44A7-BD13-7435F2556B60}.Release|Any CPU.Build.0 = Release|Any CPU
		{D8D7CB72-D57E-4CD2-8B07-2112E26C9023}.Debug|Any CPU.ActiveCfg = Debug|Any CPU
		{D8D7CB72-D57E-4CD2-8B07-2112E26C9023}.Debug|Any CPU.Build.0 = Debug|Any CPU
		{D8D7CB72-D57E-4CD2-8B07-2112E26C9023}.Release|Any CPU.ActiveCfg = Release|Any CPU
		{D8D7CB72-D57E-4CD2-8B07-2112E26C9023}.Release|Any CPU.Build.0 = Release|Any CPU
		{BA2EE31E-1F55-497E-95DC-526E68FB6E42}.Debug|Any CPU.ActiveCfg = Debug|Any CPU
		{BA2EE31E-1F55-497E-95DC-526E68FB6E42}.Debug|Any CPU.Build.0 = Debug|Any CPU
		{BA2EE31E-1F55-497E-95DC-526E68FB6E42}.Release|Any CPU.ActiveCfg = Release|Any CPU
		{BA2EE31E-1F55-497E-95DC-526E68FB6E42}.Release|Any CPU.Build.0 = Release|Any CPU
	EndGlobalSection
	GlobalSection(SolutionProperties) = preSolution
		HideSolutionNode = FALSE
	EndGlobalSection
	GlobalSection(NestedProjects) = preSolution
		{7179BC9C-2372-4D5D-9B2D-B72753441F59} = {0B56EFDD-2993-48CB-ABEE-BBE754B27617}
		{B89BAA67-F881-402D-A5C7-907AFD4E3B3F} = {D13CF843-B88C-483F-9F21-28E15760B594}
		{51E58222-FAB9-4F85-AF9C-2A8CA9EFD1FF} = {B97AB7D6-44EC-4143-B9D4-25E9D3B2FB29}
		{FC3A623C-5188-435D-ABF4-112A858B93B9} = {0B56EFDD-2993-48CB-ABEE-BBE754B27617}
		{8E86C359-4CA7-4894-B2EC-8C259132DCD6} = {0B56EFDD-2993-48CB-ABEE-BBE754B27617}
		{60EB6AA6-C820-44A7-BD13-7435F2556B60} = {D13CF843-B88C-483F-9F21-28E15760B594}
		{D8D7CB72-D57E-4CD2-8B07-2112E26C9023} = {612AA87C-B9B3-4551-A4C4-8C400F103EF5}
		{BA2EE31E-1F55-497E-95DC-526E68FB6E42} = {612AA87C-B9B3-4551-A4C4-8C400F103EF5}
	EndGlobalSection
EndGlobal
